
Microsoft Visual Studio Solution File, Format Version 12.00
# Visual Studio Version 16
VisualStudioVersion = 16.0.29709.97
MinimumVisualStudioVersion = 10.0.40219.1
Project("{FAE04EC0-301F-11D3-BF4B-00C04F79EFBC}") = "FilesAndFoldersPractise", "FilesAndFoldersPractise.csproj", "{DE04847E-8A08-4A25-83EA-0BAAD80F23A9}"
EndProject
Global
	GlobalSection(SolutionConfigurationPlatforms) = preSolution
		Debug|Any CPU = Debug|Any CPU
		Release|Any CPU = Release|Any CPU
	EndGlobalSection
	GlobalSection(ProjectConfigurationPlatforms) = postSolution
		{DE04847E-8A08-4A25-83EA-0BAAD80F23A9}.Debug|Any CPU.ActiveCfg = Debug|Any CPU
		{DE04847E-8A08-4A25-83EA-0BAAD80F23A9}.Debug|Any CPU.Build.0 = Debug|Any CPU
		{DE04847E-8A08-4A25-83EA-0BAAD80F23A9}.Release|Any CPU.ActiveCfg = Release|Any CPU
		{DE04847E-8A08-4A25-83EA-0BAAD80F23A9}.Release|Any CPU.Build.0 = Release|Any CPU
	EndGlobalSection
	GlobalSection(SolutionProperties) = preSolution
		HideSolutionNode = FALSE
	EndGlobalSection
	GlobalSection(ExtensibilityGlobals) = postSolution
		SolutionGuid = {0D8C92A2-D8C3-4FB9-ABF4-39D912191CCB}
	EndGlobalSection
EndGlobal
